{
  "name": "file-cache-proxy",
  "version": "0.0.0",
  "lockfileVersion": 1,
  "requires": true,
  "dependencies": {
    "concat-stream": {
      "version": "1.6.0",
      "resolved": "http://registry.npm.taobao.org/concat-stream/download/concat-stream-1.6.0.tgz",
      "integrity": "sha1-CqxmL9Ur54lk1VMvaUeE5wEQrPc=",
      "requires": {
        "inherits": "2.0.3",
        "readable-stream": "2.3.4",
        "typedarray": "0.0.6"
      }
    },
    "core-util-is": {
      "version": "1.0.2",
      "resolved": "http://registry.npm.taobao.org/core-util-is/download/core-util-is-1.0.2.tgz",
      "integrity": "sha1-tf1UIgqivFq1eqtxQMlAdUUDwac="
    },
    "cyclist": {
      "version": "0.2.2",
      "resolved": "http://registry.npm.taobao.org/cyclist/download/cyclist-0.2.2.tgz",
      "integrity": "sha1-GzN5LhHpFKL9bW7WRHRkRE5fpkA="
    },
    "duplexify": {
      "version": "3.5.3",
      "resolved": "http://registry.npm.taobao.org/duplexify/download/duplexify-3.5.3.tgz",
      "integrity": "sha1-i1gYgA35L9ASWyeriWSRkShYJD4=",
      "requires": {
        "end-of-stream": "1.4.1",
        "inherits": "2.0.3",
        "readable-stream": "2.3.4",
        "stream-shift": "1.0.0"
      }
    },
    "end-of-stream": {
      "version": "1.4.1",
      "resolved": "http://registry.npm.taobao.org/end-of-stream/download/end-of-stream-1.4.1.tgz",
      "integrity": "sha1-7SljTRm6ukY7bOa4CjchPqtx7EM=",
      "requires": {
        "once": "1.4.0"
      }
    },
    "eventemitter3": {
      "version": "1.2.0",
      "resolved": "http://registry.npm.taobao.org/eventemitter3/download/eventemitter3-1.2.0.tgz",
      "integrity": "sha1-HIaZHYFq0eUEdQ5zh0Ik7PO+xQg="
    },
    "flush-write-stream": {
      "version": "1.0.2",
      "resolved": "http://registry.npm.taobao.org/flush-write-stream/download/flush-write-stream-1.0.2.tgz",
      "integrity": "sha1-yBuQ2HRnZvGmCaRoCZRsRd2K5Bc=",
      "requires": {
        "inherits": "2.0.3",
        "readable-stream": "2.3.4"
      }
    },
    "from2": {
      "version": "2.3.0",
      "resolved": "http://registry.npm.taobao.org/from2/download/from2-2.3.0.tgz",
      "integrity": "sha1-i/tVAr3kpNNs/e6gB/zKIdfjgq8=",
      "requires": {
        "inherits": "2.0.3",
        "readable-stream": "2.3.4"
      }
    },
    "http-proxy": {
      "version": "1.16.2",
      "resolved": "http://registry.npm.taobao.org/http-proxy/download/http-proxy-1.16.2.tgz",
      "integrity": "sha1-Bt/ykpUr9k2+hHH6nfcwZtTzd0I=",
      "requires": {
        "eventemitter3": "1.2.0",
        "requires-port": "1.0.0"
      }
    },
    "inherits": {
      "version": "2.0.3",
      "resolved": "http://registry.npm.taobao.org/inherits/download/inherits-2.0.3.tgz",
      "integrity": "sha1-Yzwsg+PaQqUC9SRmAiSA9CCCYd4="
    },
    "isarray": {
      "version": "1.0.0",
      "resolved": "http://registry.npm.taobao.org/isarray/download/isarray-1.0.0.tgz",
      "integrity": "sha1-u5NdSFgsuhaMBoNJV6VKPgcSTxE="
    },
    "lru-cache": {
      "version": "4.1.1",
      "resolved": "http://registry.npm.taobao.org/lru-cache/download/lru-cache-4.1.1.tgz",
      "integrity": "sha1-Yi4y6CSItJJ5EUpPns9F581rulU=",
      "requires": {
        "pseudomap": "1.0.2",
        "yallist": "2.1.2"
      }
    },
    "mississippi": {
      "version": "2.0.0",
      "resolved": "http://registry.npm.taobao.org/mississippi/download/mississippi-2.0.0.tgz",
      "integrity": "sha1-NEKlCPr8KFAEhv7qmUCWduTuWm8=",
      "requires": {
        "concat-stream": "1.6.0",
        "duplexify": "3.5.3",
        "end-of-stream": "1.4.1",
        "flush-write-stream": "1.0.2",
        "from2": "2.3.0",
        "parallel-transform": "1.1.0",
        "pump": "2.0.1",
        "pumpify": "1.4.0",
        "stream-each": "1.2.2",
        "through2": "2.0.3"
      }
    },
    "once": {
      "version": "1.4.0",
      "resolved": "http://registry.npm.taobao.org/once/download/once-1.4.0.tgz",
      "integrity": "sha1-WDsap3WWHUsROsF9nFC6753Xa9E=",
      "requires": {
        "wrappy": "1.0.2"
      }
    },
    "parallel-transform": {
      "version": "1.1.0",
      "resolved": "http://registry.npm.taobao.org/parallel-transform/download/parallel-transform-1.1.0.tgz",
      "integrity": "sha1-1BDwZbBdojCB/NEPKIVMKb2jOwY=",
      "requires": {
        "cyclist": "0.2.2",
        "inherits": "2.0.3",
        "readable-stream": "2.3.4"
      }
    },
    "process-nextick-args": {
      "version": "2.0.0",
      "resolved": "http://registry.npm.taobao.org/process-nextick-args/download/process-nextick-args-2.0.0.tgz",
      "integrity": "sha1-o31zL0JxtKsa0HDTVQjoKQeI/6o="
    },
    "pseudomap": {
      "version": "1.0.2",
      "resolved": "http://registry.npm.taobao.org/pseudomap/download/pseudomap-1.0.2.tgz",
      "integrity": "sha1-8FKijacOYYkX7wqKw0wa5aaChrM="
    },
    "pump": {
      "version": "2.0.1",
      "resolved": "http://registry.npm.taobao.org/pump/download/pump-2.0.1.tgz",
      "integrity": "sha1-Ejma3W5M91Jtlzy8i1zi4pCLOQk=",
      "requires": {
        "end-of-stream": "1.4.1",
        "once": "1.4.0"
      }
    },
    "pumpify": {
      "version": "1.4.0",
      "resolved": "http://registry.npm.taobao.org/pumpify/download/pumpify-1.4.0.tgz",
      "integrity": "sha1-gLfF334kFT0D8OesigWl0Gi9B/s=",
      "requires": {
        "duplexify": "3.5.3",
        "inherits": "2.0.3",
        "pump": "2.0.1"
      }
    },
    "readable-stream": {
      "version": "2.3.4",
      "resolved": "http://registry.npm.taobao.org/readable-stream/download/readable-stream-2.3.4.tgz",
      "integrity": "sha1-yUbD9H+n2Oq8C2FQ9KEvaaRXQHE=",
      "requires": {
        "core-util-is": "1.0.2",
        "inherits": "2.0.3",
        "isarray": "1.0.0",
        "process-nextick-args": "2.0.0",
        "safe-buffer": "5.1.1",
        "string_decoder": "1.0.3",
        "util-deprecate": "1.0.2"
      }
    },
    "requires-port": {
      "version": "1.0.0",
      "resolved": "http://registry.npm.taobao.org/requires-port/download/requires-port-1.0.0.tgz",
      "integrity": "sha1-kl0mAdOaxIXgkc8NpcbmlNw9yv8="
    },
    "safe-buffer": {
      "version": "5.1.1",
      "resolved": "http://registry.npm.taobao.org/safe-buffer/download/safe-buffer-5.1.1.tgz",
      "integrity": "sha1-iTMSr2myEj3vcfV4iQAWce6yyFM="
    },
    "stream-each": {
      "version": "1.2.2",
      "resolved": "http://registry.npm.taobao.org/stream-each/download/stream-each-1.2.2.tgz",
      "integrity": "sha1-joxGP5HaiZF3h2WHP+TZYNj2Fr0=",
      "requires": {
        "end-of-stream": "1.4.1",
        "stream-shift": "1.0.0"
      }
    },
    "stream-shift": {
      "version": "1.0.0",
      "resolved": "http://registry.npm.taobao.org/stream-shift/download/stream-shift-1.0.0.tgz",
      "integrity": "sha1-1cdSgl5TZ+eG944Y5EXqIjoVWVI="
    },
    "string_decoder": {
      "version": "1.0.3",
      "resolved": "http://registry.npm.taobao.org/string_decoder/download/string_decoder-1.0.3.tgz",
      "integrity": "sha1-D8Z9fBQYJd6UKC3VNr7GubzoYKs=",
      "requires": {
        "safe-buffer": "5.1.1"
      }
    },
    "through2": {
      "version": "2.0.3",
      "resolved": "http://registry.npm.taobao.org/through2/download/through2-2.0.3.tgz",
      "integrity": "sha1-AARWmzfHx0ujnEPzzteNGtlBQL4=",
      "requires": {
        "readable-stream": "2.3.4",
        "xtend": "4.0.1"
      }
    },
    "typedarray": {
      "version": "0.0.6",
      "resolved": "http://registry.npm.taobao.org/typedarray/download/typedarray-0.0.6.tgz",
      "integrity": "sha1-hnrHTjhkGHsdPUfZlqeOxciDB3c="
    },
    "util-deprecate": {
      "version": "1.0.2",
      "resolved": "http://registry.npm.taobao.org/util-deprecate/download/util-deprecate-1.0.2.tgz",
      "integrity": "sha1-RQ1Nyfpw3nMnYvvS1KKJgUGaDM8="
    },
    "wrappy": {
      "version": "1.0.2",
      "resolved": "http://registry.npm.taobao.org/wrappy/download/wrappy-1.0.2.tgz",
      "integrity": "sha1-tSQ9jz7BqjXxNkYFvA0QNuMKtp8="
    },
    "xtend": {
      "version": "4.0.1",
      "resolved": "http://registry.npm.taobao.org/xtend/download/xtend-4.0.1.tgz",
      "integrity": "sha1-pcbVMr5lbiPbgg77lDofBJmNY68="
    },
    "yallist": {
      "version": "2.1.2",
      "resolved": "http://registry.npm.taobao.org/yallist/download/yallist-2.1.2.tgz",
      "integrity": "sha1-HBH5IY8HYImkfdUS+TxmmaaoHVI="
    }
  }
}
